
Microsoft Visual Studio Solution File, Format Version 12.00
# Visual Studio Version 16
VisualStudioVersion = 16.0.29001.49
MinimumVisualStudioVersion = 10.0.40219.1
Project("{FAE04EC0-301F-11D3-BF4B-00C04F79EFBC}") = "Calculator", "Calculator\Calculator.csproj", "{9B6E0455-DD65-4C54-91BC-BF89AC87A7BA}"
EndProject
Global
	GlobalSection(SolutionConfigurationPlatforms) = preSolution
		Debug|Any CPU = Debug|Any CPU
		Release|Any CPU = Release|Any CPU
	EndGlobalSection
	GlobalSection(ProjectConfigurationPlatforms) = postSolution
		{9B6E0455-DD65-4C54-91BC-BF89AC87A7BA}.Debug|Any CPU.ActiveCfg = Debug|Any CPU
		{9B6E0455-DD65-4C54-91BC-BF89AC87A7BA}.Debug|Any CPU.Build.0 = Debug|Any CPU
		{9B6E0455-DD65-4C54-91BC-BF89AC87A7BA}.Release|Any CPU.ActiveCfg = Release|Any CPU
		{9B6E0455-DD65-4C54-91BC-BF89AC87A7BA}.Release|Any CPU.Build.0 = Release|Any CPU
	EndGlobalSection
	GlobalSection(SolutionProperties) = preSolution
		HideSolutionNode = FALSE
	EndGlobalSection
	GlobalSection(ExtensibilityGlobals) = postSolution
		SolutionGuid = {BFE11954-E93B-4C28-BE96-AB766104DCCF}
	EndGlobalSection
EndGlobal
